
Microsoft Visual Studio Solution File, Format Version 12.00
# Visual Studio Version 17
VisualStudioVersion = 17.4.33213.308
MinimumVisualStudioVersion = 10.0.40219.1
Project("{FAE04EC0-301F-11D3-BF4B-00C04F79EFBC}") = "AC_Razor_HTML_helper", "AC_Razor_HTML_helper\AC_Razor_HTML_helper.csproj", "{007783E7-C47D-4133-9304-3161E76D384D}"
EndProject
Global
	GlobalSection(SolutionConfigurationPlatforms) = preSolution
		Debug|Any CPU = Debug|Any CPU
		Release|Any CPU = Release|Any CPU
	EndGlobalSection
	GlobalSection(ProjectConfigurationPlatforms) = postSolution
		{007783E7-C47D-4133-9304-3161E76D384D}.Debug|Any CPU.ActiveCfg = Debug|Any CPU
		{007783E7-C47D-4133-9304-3161E76D384D}.Debug|Any CPU.Build.0 = Debug|Any CPU
		{007783E7-C47D-4133-9304-3161E76D384D}.Release|Any CPU.ActiveCfg = Release|Any CPU
		{007783E7-C47D-4133-9304-3161E76D384D}.Release|Any CPU.Build.0 = Release|Any CPU
	EndGlobalSection
	GlobalSection(SolutionProperties) = preSolution
		HideSolutionNode = FALSE
	EndGlobalSection
	GlobalSection(ExtensibilityGlobals) = postSolution
		SolutionGuid = {E339212F-4D38-4CD9-B0CF-109F51411812}
	EndGlobalSection
EndGlobal
